
Microsoft Visual Studio Solution File, Format Version 12.00
# Visual Studio Version 16
VisualStudioVersion = 16.0.29709.97
MinimumVisualStudioVersion = 10.0.40219.1
Project("{FAE04EC0-301F-11D3-BF4B-00C04F79EFBC}") = "SimpleFraction_1", "SimpleFraction_1\SimpleFraction_1.csproj", "{91E1C0F8-4873-439D-8F4C-193E5D4D7299}"
EndProject
Global
	GlobalSection(SolutionConfigurationPlatforms) = preSolution
		Debug|Any CPU = Debug|Any CPU
		Release|Any CPU = Release|Any CPU
	EndGlobalSection
	GlobalSection(ProjectConfigurationPlatforms) = postSolution
		{91E1C0F8-4873-439D-8F4C-193E5D4D7299}.Debug|Any CPU.ActiveCfg = Debug|Any CPU
		{91E1C0F8-4873-439D-8F4C-193E5D4D7299}.Debug|Any CPU.Build.0 = Debug|Any CPU
		{91E1C0F8-4873-439D-8F4C-193E5D4D7299}.Release|Any CPU.ActiveCfg = Release|Any CPU
		{91E1C0F8-4873-439D-8F4C-193E5D4D7299}.Release|Any CPU.Build.0 = Release|Any CPU
	EndGlobalSection
	GlobalSection(SolutionProperties) = preSolution
		HideSolutionNode = FALSE
	EndGlobalSection
	GlobalSection(ExtensibilityGlobals) = postSolution
		SolutionGuid = {1B0F2E23-6EC4-4795-8CC6-9EF702845903}
	EndGlobalSection
EndGlobal
