
Microsoft Visual Studio Solution File, Format Version 12.00
# Visual Studio Version 16
VisualStudioVersion = 16.0.30413.136
MinimumVisualStudioVersion = 10.0.40219.1
Project("{FAE04EC0-301F-11D3-BF4B-00C04F79EFBC}") = "Phone", "Phone\Phone.csproj", "{BAAA3B3C-06C1-4DF9-BB5B-7D888F746384}"
EndProject
Global
	GlobalSection(SolutionConfigurationPlatforms) = preSolution
		Debug|Any CPU = Debug|Any CPU
		Release|Any CPU = Release|Any CPU
	EndGlobalSection
	GlobalSection(ProjectConfigurationPlatforms) = postSolution
		{BAAA3B3C-06C1-4DF9-BB5B-7D888F746384}.Debug|Any CPU.ActiveCfg = Debug|Any CPU
		{BAAA3B3C-06C1-4DF9-BB5B-7D888F746384}.Debug|Any CPU.Build.0 = Debug|Any CPU
		{BAAA3B3C-06C1-4DF9-BB5B-7D888F746384}.Release|Any CPU.ActiveCfg = Release|Any CPU
		{BAAA3B3C-06C1-4DF9-BB5B-7D888F746384}.Release|Any CPU.Build.0 = Release|Any CPU
	EndGlobalSection
	GlobalSection(SolutionProperties) = preSolution
		HideSolutionNode = FALSE
	EndGlobalSection
	GlobalSection(ExtensibilityGlobals) = postSolution
		SolutionGuid = {502013C0-B677-4226-B319-29B3A31F4BFD}
	EndGlobalSection
EndGlobal
